PODS:
  - Alamofire (5.6.4)
  - MHTools (1.0.5):
    - Alamofire
    - RxSwift
  - RxCocoa (6.5.0):
    - RxRelay (= 6.5.0)
    - RxSwift (= 6.5.0)
  - RxRelay (6.5.0):
    - RxSwift (= 6.5.0)
  - RxSwift (6.5.0)

DEPENDENCIES:
  - MHTools
  - RxCocoa
  - RxSwift

SPEC REPOS:
  trunk:
    - Alamofire
    - MHTools
    - RxCocoa
    - RxRelay
    - RxSwift

SPEC CHECKSUMS:
  Alamofire: 4e95d97098eacb88856099c4fc79b526a299e48c
  MHTools: b61bc20f03750f8db2359ff4119b2bcf5e5fdb16
  RxCocoa: 94f817b71c07517321eb4f9ad299112ca8af743b
  RxRelay: 1de1523e604c72b6c68feadedd1af3b1b4d0ecbd
  RxSwift: 5710a9e6b17f3c3d6e40d6e559b9fa1e813b2ef8

PODFILE CHECKSUM: a77b7ce72a56661ffaef1540938297636c2d20ce

COCOAPODS: 1.11.3
